// !$*UTF8*$!
{
	archiveVersion = 1;
	classes = {
	};
	objectVersion = 46;
	objects = {

/* Begin PBXBuildFile section */
		CD93DB831978275800A99865 /* Foundation.framework in Frameworks */ = {isa = PBXBuildFile; fileRef = CD93DB821978275800A99865 /* Foundation.framework */; };
		CD93DB851978275800A99865 /* CoreGraphics.framework in Frameworks */ = {isa = PBXBuildFile; fileRef = CD93DB841978275800A99865 /* CoreGraphics.framework */; };
		CD93DB871978275800A99865 /* UIKit.framework in Frameworks */ = {isa = PBXBuildFile; fileRef = CD93DB861978275800A99865 /* UIKit.framework */; };
		CD93DB8D1978275800A99865 /* InfoPlist.strings in Resources */ = {isa = PBXBuildFile; fileRef = CD93DB8B1978275800A99865 /* InfoPlist.strings */; };
		CD93DB8F1978275800A99865 /* main.m in Sources */ = {isa = PBXBuildFile; fileRef = CD93DB8E1978275800A99865 /* main.m */; };
		CD93DB931978275800A99865 /* SuperCardAppDelegate.m in Sources */ = {isa = PBXBuildFile; fileRef = CD93DB921978275800A99865 /* SuperCardAppDelegate.m */; };
		CD93DB961978275800A99865 /* Main.storyboard in Resources */ = {isa = PBXBuildFile; fileRef = CD93DB941978275800A99865 /* Main.storyboard */; };
		CD93DB991978275800A99865 /* SuperCardViewController.m in Sources */ = {isa = PBXBuildFile; fileRef = CD93DB981978275800A99865 /* SuperCardViewController.m */; };
		CD93DB9B1978275800A99865 /* Images.xcassets in Resources */ = {isa = PBXBuildFile; fileRef = CD93DB9A1978275800A99865 /* Images.xcassets */; };
		CD93DBA21978275800A99865 /* XCTest.framework in Frameworks */ = {isa = PBXBuildFile; fileRef = CD93DBA11978275800A99865 /* XCTest.framework */; };
		CD93DBA31978275800A99865 /* Foundation.framework in Frameworks */ = {isa = PBXBuildFile; fileRef = CD93DB821978275800A99865 /* Foundation.framework */; };
		CD93DBA41978275800A99865 /* UIKit.framework in Frameworks */ = {isa = PBXBuildFile; fileRef = CD93DB861978275800A99865 /* UIKit.framework */; };
		CD93DBAC1978275800A99865 /* InfoPlist.strings in Resources */ = {isa = PBXBuildFile; fileRef = CD93DBAA1978275800A99865 /* InfoPlist.strings */; };
		CD93DBAE1978275800A99865 /* SuperCardTests.m in Sources */ = {isa = PBXBuildFile; fileRef = CD93DBAD1978275800A99865 /* SuperCardTests.m */; };
/* End PBXBuildFile section */

/* Begin PBXContainerItemProxy section */
		CD93DBA51978275800A99865 /* PBXContainerItemProxy */ = {
			isa = PBXContainerItemProxy;
			containerPortal = CD93DB771978275800A99865 /* Project object */;
			proxyType = 1;
			remoteGlobalIDString = CD93DB7E1978275800A99865;
			remoteInfo = SuperCard;
		};
/* End PBXContainerItemProxy section */

/* Begin PBXFileReference section */
		CD93DB7F1978275800A99865 /* SuperCard.app */ = {isa = PBXFileReference; explicitFileType = wrapper.application; includeInIndex = 0; path = SuperCard.app; sourceTree = BUILT_PRODUCTS_DIR; };
		CD93DB821978275800A99865 /* Foundation.framework */ = {isa = PBXFileReference; lastKnownFileType = wrapper.framework; name = Foundation.framework; path = System/Library/Frameworks/Foundation.framework; sourceTree = SDKROOT; };
		CD93DB841978275800A99865 /* CoreGraphics.framework */ = {isa = PBXFileReference; lastKnownFileType = wrapper.framework; name = CoreGraphics.framework; path = System/Library/Frameworks/CoreGraphics.framework; sourceTree = SDKROOT; };
		CD93DB861978275800A99865 /* UIKit.framework */ = {isa = PBXFileReference; lastKnownFileType = wrapper.framework; name = UIKit.framework; path = System/Library/Frameworks/UIKit.framework; sourceTree = SDKROOT; };
		CD93DB8A1978275800A99865 /* SuperCard-Info.plist */ = {isa = PBXFileReference; lastKnownFileType = text.plist.xml; path = "SuperCard-Info.plist"; sourceTree = "<group>"; };
		CD93DB8C1978275800A99865 /* en */ = {isa = PBXFileReference; lastKnownFileType = text.plist.strings; name = en; path = en.lproj/InfoPlist.strings; sourceTree = "<group>"; };
		CD93DB8E1978275800A99865 /* main.m */ = {isa = PBXFileReference; lastKnownFileType = sourcecode.c.objc; path = main.m; sourceTree = "<group>"; };
		CD93DB901978275800A99865 /* SuperCard-Prefix.pch */ = {isa = PBXFileReference; lastKnownFileType = sourcecode.c.h; path = "SuperCard-Prefix.pch"; sourceTree = "<group>"; };
		CD93DB911978275800A99865 /* SuperCardAppDelegate.h */ = {isa = PBXFileReference; lastKnownFileType = sourcecode.c.h; path = SuperCardAppDelegate.h; sourceTree = "<group>"; };
		CD93DB921978275800A99865 /* SuperCardAppDelegate.m */ = {isa = PBXFileReference; lastKnownFileType = sourcecode.c.objc; path = SuperCardAppDelegate.m; sourceTree = "<group>"; };
		CD93DB951978275800A99865 /* Base */ = {isa = PBXFileReference; lastKnownFileType = file.storyboard; name = Base; path = Base.lproj/Main.storyboard; sourceTree = "<group>"; };
		CD93DB971978275800A99865 /* SuperCardViewController.h */ = {isa = PBXFileReference; lastKnownFileType = sourcecode.c.h; path = SuperCardViewController.h; sourceTree = "<group>"; };
		CD93DB981978275800A99865 /* SuperCardViewController.m */ = {isa = PBXFileReference; lastKnownFileType = sourcecode.c.objc; path = SuperCardViewController.m; sourceTree = "<group>"; };
		CD93DB9A1978275800A99865 /* Images.xcassets */ = {isa = PBXFileReference; lastKnownFileType = folder.assetcatalog; path = Images.xcassets; sourceTree = "<group>"; };
		CD93DBA01978275800A99865 /* SuperCardTests.xctest */ = {isa = PBXFileReference; explicitFileType = wrapper.cfbundle; includeInIndex = 0; path = SuperCardTests.xctest; sourceTree = BUILT_PRODUCTS_DIR; };
		CD93DBA11978275800A99865 /* XCTest.framework */ = {isa = PBXFileReference; lastKnownFileType = wrapper.framework; name = XCTest.framework; path = Library/Frameworks/XCTest.framework; sourceTree = DEVELOPER_DIR; };
		CD93DBA91978275800A99865 /* SuperCardTests-Info.plist */ = {isa = PBXFileReference; lastKnownFileType = text.plist.xml; path = "SuperCardTests-Info.plist"; sourceTree = "<group>"; };
		CD93DBAB1978275800A99865 /* en */ = {isa = PBXFileReference; lastKnownFileType = text.plist.strings; name = en; path = en.lproj/InfoPlist.strings; sourceTree = "<group>"; };
		CD93DBAD1978275800A99865 /* SuperCardTests.m */ = {isa = PBXFileReference; lastKnownFileType = sourcecode.c.objc; path = SuperCardTests.m; sourceTree = "<group>"; };
/* End PBXFileReference section */

/* Begin PBXFrameworksBuildPhase section */
		CD93DB7C1978275800A99865 /* Frameworks */ = {
			isa = PBXFrameworksBuildPhase;
			buildActionMask = 2147483647;
			files = (
				CD93DB851978275800A99865 /* CoreGraphics.framework in Frameworks */,
				CD93DB871978275800A99865 /* UIKit.framework in Frameworks */,
				CD93DB831978275800A99865 /* Foundation.framework in Frameworks */,
			);
			runOnlyForDeploymentPostprocessing = 0;
		};
		CD93DB9D1978275800A99865 /* Frameworks */ = {
			isa = PBXFrameworksBuildPhase;
			buildActionMask = 2147483647;
			files = (
				CD93DBA21978275800A99865 /* XCTest.framework in Frameworks */,
				CD93DBA41978275800A99865 /* UIKit.framework in Frameworks */,
				CD93DBA31978275800A99865 /* Foundation.framework in Frameworks */,
			);
			runOnlyForDeploymentPostprocessing = 0;
		};
/* End PBXFrameworksBuildPhase section */

/* Begin PBXGroup section */
		CD93DB761978275800A99865 = {
			isa = PBXGroup;
			children = (
				CD93DB881978275800A99865 /* SuperCard */,
				CD93DBA71978275800A99865 /* SuperCardTests */,
				CD93DB811978275800A99865 /* Frameworks */,
				CD93DB801978275800A99865 /* Products */,
			);
			sourceTree = "<group>";
		};
		CD93DB801978275800A99865 /* Products */ = {
			isa = PBXGroup;
			children = (
				CD93DB7F1978275800A99865 /* SuperCard.app */,
				CD93DBA01978275800A99865 /* SuperCardTests.xctest */,
			);
			name = Products;
			sourceTree = "<group>";
		};
		CD93DB811978275800A99865 /* Frameworks */ = {
			isa = PBXGroup;
			children = (
				CD93DB821978275800A99865 /* Foundation.framework */,
				CD93DB841978275800A99865 /* CoreGraphics.framework */,
				CD93DB861978275800A99865 /* UIKit.framework */,
				CD93DBA11978275800A99865 /* XCTest.framework */,
			);
			name = Frameworks;
			sourceTree = "<group>";
		};
		CD93DB881978275800A99865 /* SuperCard */ = {
			isa = PBXGroup;
			children = (
				CD93DB941978275800A99865 /* Main.storyboard */,
				CD93DB971978275800A99865 /* SuperCardViewController.h */,
				CD93DB981978275800A99865 /* SuperCardViewController.m */,
				CD93DB9A1978275800A99865 /* Images.xcassets */,
				CD93DB891978275800A99865 /* Supporting Files */,
			);
			path = SuperCard;
			sourceTree = "<group>";
		};
		CD93DB891978275800A99865 /* Supporting Files */ = {
			isa = PBXGroup;
			children = (
				CD93DB911978275800A99865 /* SuperCardAppDelegate.h */,
				CD93DB921978275800A99865 /* SuperCardAppDelegate.m */,
				CD93DB8A1978275800A99865 /* SuperCard-Info.plist */,
				CD93DB8B1978275800A99865 /* InfoPlist.strings */,
				CD93DB8E1978275800A99865 /* main.m */,
				CD93DB901978275800A99865 /* SuperCard-Prefix.pch */,
			);
			name = "Supporting Files";
			sourceTree = "<group>";
		};
		CD93DBA71978275800A99865 /* SuperCardTests */ = {
			isa = PBXGroup;
			children = (
				CD93DBAD1978275800A99865 /* SuperCardTests.m */,
				CD93DBA81978275800A99865 /* Supporting Files */,
			);
			path = SuperCardTests;
			sourceTree = "<group>";
		};
		CD93DBA81978275800A99865 /* Supporting Files */ = {
			isa = PBXGroup;
			children = (
				CD93DBA91978275800A99865 /* SuperCardTests-Info.plist */,
				CD93DBAA1978275800A99865 /* InfoPlist.strings */,
			);
			name = "Supporting Files";
			sourceTree = "<group>";
		};
/* End PBXGroup section */

/* Begin PBXNativeTarget section */
		CD93DB7E1978275800A99865 /* SuperCard */ = {
			isa = PBXNativeTarget;
			buildConfigurationList = CD93DBB11978275800A99865 /* Build configuration list for PBXNativeTarget "SuperCard" */;
			buildPhases = (
				CD93DB7B1978275800A99865 /* Sources */,
				CD93DB7C1978275800A99865 /* Frameworks */,
				CD93DB7D1978275800A99865 /* Resources */,
			);
			buildRules = (
			);
			dependencies = (
			);
			name = SuperCard;
			productName = SuperCard;
			productReference = CD93DB7F1978275800A99865 /* SuperCard.app */;
			productType = "com.apple.product-type.application";
		};
		CD93DB9F1978275800A99865 /* SuperCardTests */ = {
			isa = PBXNativeTarget;
			buildConfigurationList = CD93DBB41978275800A99865 /* Build configuration list for PBXNativeTarget "SuperCardTests" */;
			buildPhases = (
				CD93DB9C1978275800A99865 /* Sources */,
				CD93DB9D1978275800A99865 /* Frameworks */,
				CD93DB9E1978275800A99865 /* Resources */,
			);
			buildRules = (
			);
			dependencies = (
				CD93DBA61978275800A99865 /* PBXTargetDependency */,
			);
			name = SuperCardTests;
			productName = SuperCardTests;
			productReference = CD93DBA01978275800A99865 /* SuperCardTests.xctest */;
			productType = "com.apple.product-type.bundle.unit-test";
		};
/* End PBXNativeTarget section */

/* Begin PBXProject section */
		CD93DB771978275800A99865 /* Project object */ = {
			isa = PBXProject;
			attributes = {
				CLASSPREFIX = SuperCard;
				LastUpgradeCheck = 0510;
				ORGANIZATIONNAME = "Patrick Dawson";
				TargetAttributes = {
					CD93DB9F1978275800A99865 = {
						TestTargetID = CD93DB7E1978275800A99865;
					};
				};
			};
			buildConfigurationList = CD93DB7A1978275800A99865 /* Build configuration list for PBXProject "SuperCard" */;
			compatibilityVersion = "Xcode 3.2";
			developmentRegion = English;
			hasScannedForEncodings = 0;
			knownRegions = (
				en,
				Base,
			);
			mainGroup = CD93DB761978275800A99865;
			productRefGroup = CD93DB801978275800A99865 /* Products */;
			projectDirPath = "";
			projectRoot = "";
			targets = (
				CD93DB7E1978275800A99865 /* SuperCard */,
				CD93DB9F1978275800A99865 /* SuperCardTests */,
			);
		};
/* End PBXProject section */

/* Begin PBXResourcesBuildPhase section */
		CD93DB7D1978275800A99865 /* Resources */ = {
			isa = PBXResourcesBuildPhase;
			buildActionMask = 2147483647;
			files = (
				CD93DB9B1978275800A99865 /* Images.xcassets in Resources */,
				CD93DB8D1978275800A99865 /* InfoPlist.strings in Resources */,
				CD93DB961978275800A99865 /* Main.storyboard in Resources */,
			);
			runOnlyForDeploymentPostprocessing = 0;
		};
		CD93DB9E1978275800A99865 /* Resources */ = {
			isa = PBXResourcesBuildPhase;
			buildActionMask = 2147483647;
			files = (
				CD93DBAC1978275800A99865 /* InfoPlist.strings in Resources */,
			);
			runOnlyForDeploymentPostprocessing = 0;
		};
/* End PBXResourcesBuildPhase section */

/* Begin PBXSourcesBuildPhase section */
		CD93DB7B1978275800A99865 /* Sources */ = {
			isa = PBXSourcesBuildPhase;
			buildActionMask = 2147483647;
			files = (
				CD93DB931978275800A99865 /* SuperCardAppDelegate.m in Sources */,
				CD93DB8F1978275800A99865 /* main.m in Sources */,
				CD93DB991978275800A99865 /* SuperCardViewController.m in Sources */,
			);
			runOnlyForDeploymentPostprocessing = 0;
		};
		CD93DB9C1978275800A99865 /* Sources */ = {
			isa = PBXSourcesBuildPhase;
			buildActionMask = 2147483647;
			files = (
				CD93DBAE1978275800A99865 /* SuperCardTests.m in Sources */,
			);
			runOnlyForDeploymentPostprocessing = 0;
		};
/* End PBXSourcesBuildPhase section */

/* Begin PBXTargetDependency section */
		CD93DBA61978275800A99865 /* PBXTargetDependency */ = {
			isa = PBXTargetDependency;
			target = CD93DB7E1978275800A99865 /* SuperCard */;
			targetProxy = CD93DBA51978275800A99865 /* PBXContainerItemProxy */;
		};
/* End PBXTargetDependency section */

/* Begin PBXVariantGroup section */
		CD93DB8B1978275800A99865 /* InfoPlist.strings */ = {
			isa = PBXVariantGroup;
			children = (
				CD93DB8C1978275800A99865 /* en */,
			);
			name = InfoPlist.strings;
			sourceTree = "<group>";
		};
		CD93DB941978275800A99865 /* Main.storyboard */ = {
			isa = PBXVariantGroup;
			children = (
				CD93DB951978275800A99865 /* Base */,
			);
			name = Main.storyboard;
			sourceTree = "<group>";
		};
		CD93DBAA1978275800A99865 /* InfoPlist.strings */ = {
			isa = PBXVariantGroup;
			children = (
				CD93DBAB1978275800A99865 /* en */,
			);
			name = InfoPlist.strings;
			sourceTree = "<group>";
		};
/* End PBXVariantGroup section */

/* Begin XCBuildConfiguration section */
		CD93DBAF1978275800A99865 /* Debug */ = {
			isa = XCBuildConfiguration;
			buildSettings = {
				ALWAYS_SEARCH_USER_PATHS = NO;
				CLANG_CXX_LANGUAGE_STANDARD = "gnu++0x";
				CLANG_CXX_LIBRARY = "libc++";
				CLANG_ENABLE_MODULES = YES;
				CLANG_ENABLE_OBJC_ARC = YES;
				CLANG_WARN_BOOL_CONVERSION = YES;
				CLANG_WARN_CONSTANT_CONVERSION = YES;
				CLANG_WARN_DIRECT_OBJC_ISA_USAGE = YES_ERROR;
				CLANG_WARN_EMPTY_BODY = YES;
				CLANG_WARN_ENUM_CONVERSION = YES;
				CLANG_WARN_INT_CONVERSION = YES;
				CLANG_WARN_OBJC_ROOT_CLASS = YES_ERROR;
				CLANG_WARN__DUPLICATE_METHOD_MATCH = YES;
				"CODE_SIGN_IDENTITY[sdk=iphoneos*]" = "iPhone Developer";
				COPY_PHASE_STRIP = NO;
				GCC_C_LANGUAGE_STANDARD = gnu99;
				GCC_DYNAMIC_NO_PIC = NO;
				GCC_OPTIMIZATION_LEVEL = 0;
				GCC_PREPROCESSOR_DEFINITIONS = (
					"DEBUG=1",
					"$(inherited)",
				);
				GCC_SYMBOLS_PRIVATE_EXTERN = NO;
				GCC_WARN_64_TO_32_BIT_CONVERSION = YES;
				GCC_WARN_ABOUT_RETURN_TYPE = YES_ERROR;
				GCC_WARN_UNDECLARED_SELECTOR = YES;
				GCC_WARN_UNINITIALIZED_AUTOS = YES_AGGRESSIVE;
				GCC_WARN_UNUSED_FUNCTION = YES;
				GCC_WARN_UNUSED_VARIABLE = YES;
				IPHONEOS_DEPLOYMENT_TARGET = 7.1;
				ONLY_ACTIVE_ARCH = YES;
				SDKROOT = iphoneos;
			};
			name = Debug;
		};
		CD93DBB01978275800A99865 /* Release */ = {
			isa = XCBuildConfiguration;
			buildSettings = {
				ALWAYS_SEARCH_USER_PATHS = NO;
				CLANG_CXX_LANGUAGE_STANDARD = "gnu++0x";
				CLANG_CXX_LIBRARY = "libc++";
				CLANG_ENABLE_MODULES = YES;
				CLANG_ENABLE_OBJC_ARC = YES;
				CLANG_WARN_BOOL_CONVERSION = YES;
				CLANG_WARN_CONSTANT_CONVERSION = YES;
				CLANG_WARN_DIRECT_OBJC_ISA_USAGE = YES_ERROR;
				CLANG_WARN_EMPTY_BODY = YES;
				CLANG_WARN_ENUM_CONVERSION = YES;
				CLANG_WARN_INT_CONVERSION = YES;
				CLANG_WARN_OBJC_ROOT_CLASS = YES_ERROR;
				CLANG_WARN__DUPLICATE_METHOD_MATCH = YES;
				"CODE_SIGN_IDENTITY[sdk=iphoneos*]" = "iPhone Developer";
				COPY_PHASE_STRIP = YES;
				ENABLE_NS_ASSERTIONS = NO;
				GCC_C_LANGUAGE_STANDARD = gnu99;
				GCC_WARN_64_TO_32_BIT_CONVERSION = YES;
				GCC_WARN_ABOUT_RETURN_TYPE = YES_ERROR;
				GCC_WARN_UNDECLARED_SELECTOR = YES;
				GCC_WARN_UNINITIALIZED_AUTOS = YES_AGGRESSIVE;
				GCC_WARN_UNUSED_FUNCTION = YES;
				GCC_WARN_UNUSED_VARIABLE = YES;
				IPHONEOS_DEPLOYMENT_TARGET = 7.1;
				SDKROOT = iphoneos;
				VALIDATE_PRODUCT = YES;
			};
			name = Release;
		};
		CD93DBB21978275800A99865 /* Debug */ = {
			isa = XCBuildConfiguration;
			buildSettings = {
				ASSETCATALOG_COMPILER_APPICON_NAME = AppIcon;
				ASSETCATALOG_COMPILER_LAUNCHIMAGE_NAME = LaunchImage;
				GCC_PRECOMPILE_PREFIX_HEADER = YES;
				GCC_PREFIX_HEADER = "SuperCard/SuperCard-Prefix.pch";
				INFOPLIST_FILE = "SuperCard/SuperCard-Info.plist";
				PRODUCT_NAME = "$(TARGET_NAME)";
				WRAPPER_EXTENSION = app;
			};
			name = Debug;
		};
		CD93DBB31978275800A99865 /* Release */ = {
			isa = XCBuildConfiguration;
			buildSettings = {
				ASSETCATALOG_COMPILER_APPICON_NAME = AppIcon;
				ASSETCATALOG_COMPILER_LAUNCHIMAGE_NAME = LaunchImage;
				GCC_PRECOMPILE_PREFIX_HEADER = YES;
				GCC_PREFIX_HEADER = "SuperCard/SuperCard-Prefix.pch";
				INFOPLIST_FILE = "SuperCard/SuperCard-Info.plist";
				PRODUCT_NAME = "$(TARGET_NAME)";
				WRAPPER_EXTENSION = app;
			};
			name = Release;
		};
		CD93DBB51978275800A99865 /* Debug */ = {
			isa = XCBuildConfiguration;
			buildSettings = {
				BUNDLE_LOADER = "$(BUILT_PRODUCTS_DIR)/SuperCard.app/SuperCard";
				FRAMEWORK_SEARCH_PATHS = (
					"$(SDKROOT)/Developer/Library/Frameworks",
					"$(inherited)",
					"$(DEVELOPER_FRAMEWORKS_DIR)",
				);
				GCC_PRECOMPILE_PREFIX_HEADER = YES;
				GCC_PREFIX_HEADER = "SuperCard/SuperCard-Prefix.pch";
				GCC_PREPROCESSOR_DEFINITIONS = (
					"DEBUG=1",
					"$(inherited)",
				);
				INFOPLIST_FILE = "SuperCardTests/SuperCardTests-Info.plist";
				PRODUCT_NAME = "$(TARGET_NAME)";
				TEST_HOST = "$(BUNDLE_LOADER)";
				WRAPPER_EXTENSION = xctest;
			};
			name = Debug;
		};
		CD93DBB61978275800A99865 /* Release */ = {
			isa = XCBuildConfiguration;
			buildSettings = {
				BUNDLE_LOADER = "$(BUILT_PRODUCTS_DIR)/SuperCard.app/SuperCard";
				FRAMEWORK_SEARCH_PATHS = (
					"$(SDKROOT)/Developer/Library/Frameworks",
					"$(inherited)",
					"$(DEVELOPER_FRAMEWORKS_DIR)",
				);
				GCC_PRECOMPILE_PREFIX_HEADER = YES;
				GCC_PREFIX_HEADER = "SuperCard/SuperCard-Prefix.pch";
				INFOPLIST_FILE = "SuperCardTests/SuperCardTests-Info.plist";
				PRODUCT_NAME = "$(TARGET_NAME)";
				TEST_HOST = "$(BUNDLE_LOADER)";
				WRAPPER_EXTENSION = xctest;
			};
			name = Release;
		};
/* End XCBuildConfiguration section */

/* Begin XCConfigurationList section */
		CD93DB7A1978275800A99865 /* Build configuration list for PBXProject "SuperCard" */ = {
			isa = XCConfigurationList;
			buildConfigurations = (
				CD93DBAF1978275800A99865 /* Debug */,
				CD93DBB01978275800A99865 /* Release */,
			);
			defaultConfigurationIsVisible = 0;
			defaultConfigurationName = Release;
		};
		CD93DBB11978275800A99865 /* Build configuration list for PBXNativeTarget "SuperCard" */ = {
			isa = XCConfigurationList;
			buildConfigurations = (
				CD93DBB21978275800A99865 /* Debug */,
				CD93DBB31978275800A99865 /* Release */,
			);
			defaultConfigurationIsVisible = 0;
		};
		CD93DBB41978275800A99865 /* Build configuration list for PBXNativeTarget "SuperCardTests" */ = {
			isa = XCConfigurationList;
			buildConfigurations = (
				CD93DBB51978275800A99865 /* Debug */,
				CD93DBB61978275800A99865 /* Release */,
			);
			defaultConfigurationIsVisible = 0;
		};
/* End XCConfigurationList section */
	};
	rootObject = CD93DB771978275800A99865 /* Project object */;
}
